
Microsoft Visual Studio Solution File, Format Version 12.00
# Visual Studio Version 17
VisualStudioVersion = 17.5.33516.290
MinimumVisualStudioVersion = 10.0.40219.1
Project("{FAE04EC0-301F-11D3-BF4B-00C04F79EFBC}") = "WebService", "WebService\WebService.csproj", "{91EAF75E-2F99-4D57-B21D-E388917FDAAA}"
EndProject
Project("{FAE04EC0-301F-11D3-BF4B-00C04F79EFBC}") = "DataAccess", "DataAccess\DataAccess.csproj", "{76061AB9-C056-4EDB-A029-1174B85FC3BF}"
EndProject
Project("{FAE04EC0-301F-11D3-BF4B-00C04F79EFBC}") = "Models", "Models\Models.csproj", "{3185C2FC-F3EC-4BCA-A2FF-EA1A126D4E16}"
EndProject
Global
	GlobalSection(SolutionConfigurationPlatforms) = preSolution
		Debug|Any CPU = Debug|Any CPU
		Release|Any CPU = Release|Any CPU
	EndGlobalSection
	GlobalSection(ProjectConfigurationPlatforms) = postSolution
		{91EAF75E-2F99-4D57-B21D-E388917FDAAA}.Debug|Any CPU.ActiveCfg = Debug|Any CPU
		{91EAF75E-2F99-4D57-B21D-E388917FDAAA}.Debug|Any CPU.Build.0 = Debug|Any CPU
		{91EAF75E-2F99-4D57-B21D-E388917FDAAA}.Release|Any CPU.ActiveCfg = Release|Any CPU
		{91EAF75E-2F99-4D57-B21D-E388917FDAAA}.Release|Any CPU.Build.0 = Release|Any CPU
		{76061AB9-C056-4EDB-A029-1174B85FC3BF}.Debug|Any CPU.ActiveCfg = Debug|Any CPU
		{76061AB9-C056-4EDB-A029-1174B85FC3BF}.Debug|Any CPU.Build.0 = Debug|Any CPU
		{76061AB9-C056-4EDB-A029-1174B85FC3BF}.Release|Any CPU.ActiveCfg = Release|Any CPU
		{76061AB9-C056-4EDB-A029-1174B85FC3BF}.Release|Any CPU.Build.0 = Release|Any CPU
		{3185C2FC-F3EC-4BCA-A2FF-EA1A126D4E16}.Debug|Any CPU.ActiveCfg = Debug|Any CPU
		{3185C2FC-F3EC-4BCA-A2FF-EA1A126D4E16}.Debug|Any CPU.Build.0 = Debug|Any CPU
		{3185C2FC-F3EC-4BCA-A2FF-EA1A126D4E16}.Release|Any CPU.ActiveCfg = Release|Any CPU
		{3185C2FC-F3EC-4BCA-A2FF-EA1A126D4E16}.Release|Any CPU.Build.0 = Release|Any CPU
	EndGlobalSection
	GlobalSection(SolutionProperties) = preSolution
		HideSolutionNode = FALSE
	EndGlobalSection
	GlobalSection(ExtensibilityGlobals) = postSolution
		SolutionGuid = {7BC59997-9600-4657-A016-E8798B3F19D9}
	EndGlobalSection
EndGlobal
